
Microsoft Visual Studio Solution File, Format Version 12.00
# Visual Studio 15
VisualStudioVersion = 15.0.28307.572
MinimumVisualStudioVersion = 10.0.40219.1
Project("{FAE04EC0-301F-11D3-BF4B-00C04F79EFBC}") = "GitDeneme", "GitDeneme\GitDeneme.csproj", "{10711448-0959-4044-9189-3BD4221EF25A}"
EndProject
Global
	GlobalSection(SolutionConfigurationPlatforms) = preSolution
		Debug|Any CPU = Debug|Any CPU
		Release|Any CPU = Release|Any CPU
	EndGlobalSection
	GlobalSection(ProjectConfigurationPlatforms) = postSolution
		{10711448-0959-4044-9189-3BD4221EF25A}.Debug|Any CPU.ActiveCfg = Debug|Any CPU
		{10711448-0959-4044-9189-3BD4221EF25A}.Debug|Any CPU.Build.0 = Debug|Any CPU
		{10711448-0959-4044-9189-3BD4221EF25A}.Release|Any CPU.ActiveCfg = Release|Any CPU
		{10711448-0959-4044-9189-3BD4221EF25A}.Release|Any CPU.Build.0 = Release|Any CPU
	EndGlobalSection
	GlobalSection(SolutionProperties) = preSolution
		HideSolutionNode = FALSE
	EndGlobalSection
	GlobalSection(ExtensibilityGlobals) = postSolution
		SolutionGuid = {30EE6A0D-DA29-460A-87E0-3E2041FD9263}
	EndGlobalSection
EndGlobal
